<?xml version="1.0" encoding="utf-8"?>
<Project ToolsVersion="4.0" xmlns="http://schemas.microsoft.com/developer/msbuild/2003">
  <ItemGroup>
    <ClCompile Include="Builders\BinaryCycleBuilder.cpp" />
    <ClCompile Include="Cells\Cell.cpp" />
    <ClCompile Include="Cells\EntryCell.cpp" />
    <ClCompile Include="Cells\ExitCell.cpp" />
    <ClCompile Include="Cells\TrafficLightCell.cpp" />
    <ClCompile Include="ParetoData\ParetoData.cpp" />
    <ClCompile Include="Main.cpp" />
    <ClCompile Include="RoadSystem\Road.cpp" />
    <ClCompile Include="Builders\RoadBuilder.cpp" />
    <ClCompile Include="RoadSystem\RoadSystem.cpp" />
    <ClCompile Include="RoadSystem\TrafficLightPair.cpp" />
    <ClCompile Include="Parsers\BinaryCycleParser.cpp" />
    <ClCompile Include="Simulation\Simulator.cpp" />
    <ClCompile Include="GeneticStrategies\Tournament.cpp" />
  </ItemGroup>
  <ItemGroup>
    <ClInclude Include="Builders\BinaryCycleBuilder.h" />
    <ClInclude Include="Cells\Cell.h" />
    <ClInclude Include="Cells\EntryCell.h" />
    <ClInclude Include="Cells\ExitCell.h" />
    <ClInclude Include="Cells\TrafficLightCell.h" />
    <ClInclude Include="ParetoData\ParetoData.h" />
    <ClInclude Include="RoadSystem\Road.h" />
    <ClInclude Include="Builders\RoadBuilder.h" />
    <ClInclude Include="RoadSystem\RoadSystem.h" />
    <ClInclude Include="RoadSystem\TrafficLightPair.h" />
    <ClInclude Include="Parsers\BinaryCycleParser.h" />
    <ClInclude Include="Simulation\Simulator.h" />
    <ClInclude Include="GeneticStrategies\Tournament.h" />
    <ClInclude Include="Utility\Logger.hpp" />
    <ClInclude Include="Utility\Math.hpp" />
    <ClInclude Include="Utility\Position.hpp" />
    <ClInclude Include="ParetoData\Vehicle.hpp" />
    <ClInclude Include="Exceptions\NotImplementedException.hpp" />
  </ItemGroup>
</Project>